github.com/disgoorg/godave v0.2.0 h1:BB6cc09UXml8yP9K2TZUADyiUF0Oosg1Pfzw1vfQGAc=
github.com/disgoorg/godave v0.2.0/go.mod h1:OreAC3hpabr39bMVA+jwOVDq1EUPXH5A0XUBiZaDI1Y=
github.com/thomas-vilte/mls-go v1.6.0 h1:HGxrRe0kRfEAXu7MtTemNzqGmC/758rfGkarhYGPOYg=
github.com/thomas-vilte/mls-go v1.6.0/go.mod h1:Cxl407ecAW94wwYLOycpQUp0UyfBk6dNmvs1hkw2yLg=
golang.org/x/crypto v0.54.0 h1:YLIA59K4fiNzHzjnZt2tUJQjQtUWfWbeHBqKtk3eScw=
golang.org/x/crypto v0.54.0/go.mod h1:KWL8ny2AZdGR2cWmzeHrp2azQPGogOv+HeQaVEXC2dk=
golang.org/x/sys v0.47.0 h1:o7XGOvZQCADBQQ4Y7VNq2dRWQR7JmOUW8Kxx4ZsNgWs=
golang.org/x/sys v0.47.0/go.mod h1:4GL1E5IUh+htKOUEOaiffhrAeqysfVGipDYzABqnCmw=
