github.com/disgoorg/godave v0.1.0 h1:3g0Zqzz+zNaxQTVLfCnl5eZKGqZk6cM/JLLbMKCtZQQ=
github.com/disgoorg/godave v0.1.0/go.mod h1:OreAC3hpabr39bMVA+jwOVDq1EUPXH5A0XUBiZaDI1Y=
github.com/disgoorg/godave v0.2.0 h1:BB6cc09UXml8yP9K2TZUADyiUF0Oosg1Pfzw1vfQGAc=
github.com/disgoorg/godave v0.2.0/go.mod h1:OreAC3hpabr39bMVA+jwOVDq1EUPXH5A0XUBiZaDI1Y=
github.com/thomas-vilte/mls-go v1.3.1 h1:NiocLpMEL/qmbMQwshHiw8FYvsYY4O5MiguRe+PWY28=
github.com/thomas-vilte/mls-go v1.3.1/go.mod h1:Cxl407ecAW94wwYLOycpQUp0UyfBk6dNmvs1hkw2yLg=
golang.org/x/crypto v0.53.0 h1:QZ4Muo8THX6CizN2vPPd5fBGHyogrdK9fG4wLPFUsto=
golang.org/x/crypto v0.53.0/go.mod h1:DNLU434OwVakk9PzuwV8w62mAJpRJL3vsgcfp4Qnsio=
golang.org/x/sys v0.46.0 h1:noSf2Fq6F8DBgS+LysIkx7rIExoNHJsxOAtPp4rthXw=
golang.org/x/sys v0.46.0/go.mod h1:4GL1E5IUh+htKOUEOaiffhrAeqysfVGipDYzABqnCmw=
