github.com/disgoorg/godave v0.1.0 h1:3g0Zqzz+zNaxQTVLfCnl5eZKGqZk6cM/JLLbMKCtZQQ=
github.com/disgoorg/godave v0.1.0/go.mod h1:OreAC3hpabr39bMVA+jwOVDq1EUPXH5A0XUBiZaDI1Y=
github.com/thomas-vilte/mls-go v1.2.1 h1:JBPutMxKqqj+XNMUlHdoU+MnfxCOUrie9PZtjhtfZwA=
github.com/thomas-vilte/mls-go v1.2.1/go.mod h1:bgIvQH/BHyfcFDuro1CLeqXASSJPFXIJ79WqJuzlRLM=
golang.org/x/crypto v0.48.0 h1:/VRzVqiRSggnhY7gNRxPauEQ5Drw9haKdM0jqfcCFts=
golang.org/x/crypto v0.48.0/go.mod h1:r0kV5h3qnFPlQnBSrULhlsRfryS2pmewsg+XfMgkVos=
golang.org/x/sys v0.42.0 h1:omrd2nAlyT5ESRdCLYdm3+fMfNFE/+Rf4bDIQImRJeo=
golang.org/x/sys v0.42.0/go.mod h1:4GL1E5IUh+htKOUEOaiffhrAeqysfVGipDYzABqnCmw=
